
Microsoft Visual Studio Solution File, Format Version 12.00
# Visual Studio Version 17
VisualStudioVersion = 17.14.36221.1 d17.14
MinimumVisualStudioVersion = 10.0.40219.1
Project("{FAE04EC0-301F-11D3-BF4B-00C04F79EFBC}") = "CryptoWalletApi", "CryptoWalletApi.csproj", "{ED0E0EAE-8792-4173-8927-405D6A67053B}"
EndProject
Global
	GlobalSection(SolutionConfigurationPlatforms) = preSolution
		Debug|Any CPU = Debug|Any CPU
		Release|Any CPU = Release|Any CPU
	EndGlobalSection
	GlobalSection(ProjectConfigurationPlatforms) = postSolution
		{ED0E0EAE-8792-4173-8927-405D6A67053B}.Debug|Any CPU.ActiveCfg = Debug|Any CPU
		{ED0E0EAE-8792-4173-8927-405D6A67053B}.Debug|Any CPU.Build.0 = Debug|Any CPU
		{ED0E0EAE-8792-4173-8927-405D6A67053B}.Release|Any CPU.ActiveCfg = Release|Any CPU
		{ED0E0EAE-8792-4173-8927-405D6A67053B}.Release|Any CPU.Build.0 = Release|Any CPU
	EndGlobalSection
	GlobalSection(SolutionProperties) = preSolution
		HideSolutionNode = FALSE
	EndGlobalSection
	GlobalSection(ExtensibilityGlobals) = postSolution
		SolutionGuid = {A63E9B92-586E-4219-B17B-162B3546AA1B}
	EndGlobalSection
EndGlobal
